
Microsoft Visual Studio Solution File, Format Version 12.00
# Visual Studio 15
VisualStudioVersion = 15.0.28307.1169
MinimumVisualStudioVersion = 10.0.40219.1
Project("{FAE04EC0-301F-11D3-BF4B-00C04F79EFBC}") = "EnumProgram", "EnumProgram\EnumProgram.csproj", "{2C350C0C-F18E-4A02-9C43-297384B20190}"
EndProject
Global
	GlobalSection(SolutionConfigurationPlatforms) = preSolution
		Debug|Any CPU = Debug|Any CPU
		Release|Any CPU = Release|Any CPU
	EndGlobalSection
	GlobalSection(ProjectConfigurationPlatforms) = postSolution
		{2C350C0C-F18E-4A02-9C43-297384B20190}.Debug|Any CPU.ActiveCfg = Debug|Any CPU
		{2C350C0C-F18E-4A02-9C43-297384B20190}.Debug|Any CPU.Build.0 = Debug|Any CPU
		{2C350C0C-F18E-4A02-9C43-297384B20190}.Release|Any CPU.ActiveCfg = Release|Any CPU
		{2C350C0C-F18E-4A02-9C43-297384B20190}.Release|Any CPU.Build.0 = Release|Any CPU
	EndGlobalSection
	GlobalSection(SolutionProperties) = preSolution
		HideSolutionNode = FALSE
	EndGlobalSection
	GlobalSection(ExtensibilityGlobals) = postSolution
		SolutionGuid = {67388B90-7D48-4584-A6F9-A3E7B0D6618E}
	EndGlobalSection
EndGlobal
