
Microsoft Visual Studio Solution File, Format Version 12.00
# Visual Studio 15
VisualStudioVersion = 15.0.28307.1169
MinimumVisualStudioVersion = 10.0.40219.1
Project("{FAE04EC0-301F-11D3-BF4B-00C04F79EFBC}") = "firstnotreaptingcharacter", "firstnotreaptingcharacter\firstnotreaptingcharacter.csproj", "{273970D0-C769-4ACE-B1CB-4BB75D96276D}"
EndProject
Global
	GlobalSection(SolutionConfigurationPlatforms) = preSolution
		Debug|Any CPU = Debug|Any CPU
		Release|Any CPU = Release|Any CPU
	EndGlobalSection
	GlobalSection(ProjectConfigurationPlatforms) = postSolution
		{273970D0-C769-4ACE-B1CB-4BB75D96276D}.Debug|Any CPU.ActiveCfg = Debug|Any CPU
		{273970D0-C769-4ACE-B1CB-4BB75D96276D}.Debug|Any CPU.Build.0 = Debug|Any CPU
		{273970D0-C769-4ACE-B1CB-4BB75D96276D}.Release|Any CPU.ActiveCfg = Release|Any CPU
		{273970D0-C769-4ACE-B1CB-4BB75D96276D}.Release|Any CPU.Build.0 = Release|Any CPU
	EndGlobalSection
	GlobalSection(SolutionProperties) = preSolution
		HideSolutionNode = FALSE
	EndGlobalSection
	GlobalSection(ExtensibilityGlobals) = postSolution
		SolutionGuid = {BDD34806-D9AB-470D-BCCF-51C75C11565C}
	EndGlobalSection
EndGlobal
