
Microsoft Visual Studio Solution File, Format Version 12.00
# Visual Studio 15
VisualStudioVersion = 15.0.28307.1169
MinimumVisualStudioVersion = 10.0.40219.1
Project("{FAE04EC0-301F-11D3-BF4B-00C04F79EFBC}") = "StackAndQueue", "StackAndQueue\StackAndQueue.csproj", "{06B0B99E-B614-418A-91E4-A478045DFA6E}"
EndProject
Global
	GlobalSection(SolutionConfigurationPlatforms) = preSolution
		Debug|Any CPU = Debug|Any CPU
		Release|Any CPU = Release|Any CPU
	EndGlobalSection
	GlobalSection(ProjectConfigurationPlatforms) = postSolution
		{06B0B99E-B614-418A-91E4-A478045DFA6E}.Debug|Any CPU.ActiveCfg = Debug|Any CPU
		{06B0B99E-B614-418A-91E4-A478045DFA6E}.Debug|Any CPU.Build.0 = Debug|Any CPU
		{06B0B99E-B614-418A-91E4-A478045DFA6E}.Release|Any CPU.ActiveCfg = Release|Any CPU
		{06B0B99E-B614-418A-91E4-A478045DFA6E}.Release|Any CPU.Build.0 = Release|Any CPU
	EndGlobalSection
	GlobalSection(SolutionProperties) = preSolution
		HideSolutionNode = FALSE
	EndGlobalSection
	GlobalSection(ExtensibilityGlobals) = postSolution
		SolutionGuid = {B1A5B83A-159F-497E-B186-0E660DC266C2}
	EndGlobalSection
EndGlobal
