
Microsoft Visual Studio Solution File, Format Version 12.00
# Visual Studio 15
VisualStudioVersion = 15.0.28307.1169
MinimumVisualStudioVersion = 10.0.40219.1
Project("{FAE04EC0-301F-11D3-BF4B-00C04F79EFBC}") = "Reversestringword", "Reversestringword\Reversestringword.csproj", "{EFBEEF95-BEE2-48C1-BF37-7A8BDC3FC2A2}"
EndProject
Global
	GlobalSection(SolutionConfigurationPlatforms) = preSolution
		Debug|Any CPU = Debug|Any CPU
		Release|Any CPU = Release|Any CPU
	EndGlobalSection
	GlobalSection(ProjectConfigurationPlatforms) = postSolution
		{EFBEEF95-BEE2-48C1-BF37-7A8BDC3FC2A2}.Debug|Any CPU.ActiveCfg = Debug|Any CPU
		{EFBEEF95-BEE2-48C1-BF37-7A8BDC3FC2A2}.Debug|Any CPU.Build.0 = Debug|Any CPU
		{EFBEEF95-BEE2-48C1-BF37-7A8BDC3FC2A2}.Release|Any CPU.ActiveCfg = Release|Any CPU
		{EFBEEF95-BEE2-48C1-BF37-7A8BDC3FC2A2}.Release|Any CPU.Build.0 = Release|Any CPU
	EndGlobalSection
	GlobalSection(SolutionProperties) = preSolution
		HideSolutionNode = FALSE
	EndGlobalSection
	GlobalSection(ExtensibilityGlobals) = postSolution
		SolutionGuid = {2B28C17C-7E01-4215-97DC-6F3FBC651219}
	EndGlobalSection
EndGlobal
