
Microsoft Visual Studio Solution File, Format Version 12.00
# Visual Studio 15
VisualStudioVersion = 15.0.28307.1169
MinimumVisualStudioVersion = 10.0.40219.1
Project("{FAE04EC0-301F-11D3-BF4B-00C04F79EFBC}") = "pattern3", "pattern3\pattern3.csproj", "{D2B424EA-AFDF-4879-98A0-024D02946BCD}"
EndProject
Global
	GlobalSection(SolutionConfigurationPlatforms) = preSolution
		Debug|Any CPU = Debug|Any CPU
		Release|Any CPU = Release|Any CPU
	EndGlobalSection
	GlobalSection(ProjectConfigurationPlatforms) = postSolution
		{D2B424EA-AFDF-4879-98A0-024D02946BCD}.Debug|Any CPU.ActiveCfg = Debug|Any CPU
		{D2B424EA-AFDF-4879-98A0-024D02946BCD}.Debug|Any CPU.Build.0 = Debug|Any CPU
		{D2B424EA-AFDF-4879-98A0-024D02946BCD}.Release|Any CPU.ActiveCfg = Release|Any CPU
		{D2B424EA-AFDF-4879-98A0-024D02946BCD}.Release|Any CPU.Build.0 = Release|Any CPU
	EndGlobalSection
	GlobalSection(SolutionProperties) = preSolution
		HideSolutionNode = FALSE
	EndGlobalSection
	GlobalSection(ExtensibilityGlobals) = postSolution
		SolutionGuid = {7422136B-C281-4F89-B870-6F5ABC43B4CA}
	EndGlobalSection
EndGlobal
